
Microsoft Visual Studio Solution File, Format Version 12.00
# Visual Studio Version 16
VisualStudioVersion = 16.0.30011.22
MinimumVisualStudioVersion = 10.0.40219.1
Project("{FAE04EC0-301F-11D3-BF4B-00C04F79EFBC}") = "MyShop.Core", "MyShop.Core\MyShop.Core.csproj", "{DD521141-5405-497D-BE25-3838115B6C38}"
EndProject
Project("{FAE04EC0-301F-11D3-BF4B-00C04F79EFBC}") = "MyShop.Services", "MyShop.Services\MyShop.Services.csproj", "{7BACE6B5-04B8-45BE-808B-048240265CB3}"
EndProject
Project("{FAE04EC0-301F-11D3-BF4B-00C04F79EFBC}") = "MyShop.DataAccess.SQL", "MyShop.DataAccess.SQL\MyShop.DataAccess.SQL.csproj", "{8382FEA6-0306-4469-8AA2-32DE3250F879}"
EndProject
Project("{FAE04EC0-301F-11D3-BF4B-00C04F79EFBC}") = "MyShop.DataAccess.InMemory", "MyShop.DataAccess.InMemory\MyShop.DataAccess.InMemory.csproj", "{0BD6C4E2-7209-4C1A-96EF-1B13808C77E0}"
EndProject
Project("{FAE04EC0-301F-11D3-BF4B-00C04F79EFBC}") = "MyShop.WebUI", "MyShop.WebUI\MyShop.WebUI.csproj", "{674ADC1D-E069-4FE1-8C94-327EF8B1103B}"
EndProject
Project("{FAE04EC0-301F-11D3-BF4B-00C04F79EFBC}") = "MyShop.WebUI.Tests", "MyShop.WebUI.Tests\MyShop.WebUI.Tests.csproj", "{63B1276F-5556-4D46-B076-D5DBB4C8666E}"
EndProject
Global
	GlobalSection(SolutionConfigurationPlatforms) = preSolution
		Debug|Any CPU = Debug|Any CPU
		Release|Any CPU = Release|Any CPU
	EndGlobalSection
	GlobalSection(ProjectConfigurationPlatforms) = postSolution
		{DD521141-5405-497D-BE25-3838115B6C38}.Debug|Any CPU.ActiveCfg = Debug|Any CPU
		{DD521141-5405-497D-BE25-3838115B6C38}.Debug|Any CPU.Build.0 = Debug|Any CPU
		{DD521141-5405-497D-BE25-3838115B6C38}.Release|Any CPU.ActiveCfg = Release|Any CPU
		{DD521141-5405-497D-BE25-3838115B6C38}.Release|Any CPU.Build.0 = Release|Any CPU
		{7BACE6B5-04B8-45BE-808B-048240265CB3}.Debug|Any CPU.ActiveCfg = Debug|Any CPU
		{7BACE6B5-04B8-45BE-808B-048240265CB3}.Debug|Any CPU.Build.0 = Debug|Any CPU
		{7BACE6B5-04B8-45BE-808B-048240265CB3}.Release|Any CPU.ActiveCfg = Release|Any CPU
		{7BACE6B5-04B8-45BE-808B-048240265CB3}.Release|Any CPU.Build.0 = Release|Any CPU
		{8382FEA6-0306-4469-8AA2-32DE3250F879}.Debug|Any CPU.ActiveCfg = Debug|Any CPU
		{8382FEA6-0306-4469-8AA2-32DE3250F879}.Debug|Any CPU.Build.0 = Debug|Any CPU
		{8382FEA6-0306-4469-8AA2-32DE3250F879}.Release|Any CPU.ActiveCfg = Release|Any CPU
		{8382FEA6-0306-4469-8AA2-32DE3250F879}.Release|Any CPU.Build.0 = Release|Any CPU
		{0BD6C4E2-7209-4C1A-96EF-1B13808C77E0}.Debug|Any CPU.ActiveCfg = Debug|Any CPU
		{0BD6C4E2-7209-4C1A-96EF-1B13808C77E0}.Debug|Any CPU.Build.0 = Debug|Any CPU
		{0BD6C4E2-7209-4C1A-96EF-1B13808C77E0}.Release|Any CPU.ActiveCfg = Release|Any CPU
		{0BD6C4E2-7209-4C1A-96EF-1B13808C77E0}.Release|Any CPU.Build.0 = Release|Any CPU
		{674ADC1D-E069-4FE1-8C94-327EF8B1103B}.Debug|Any CPU.ActiveCfg = Debug|Any CPU
		{674ADC1D-E069-4FE1-8C94-327EF8B1103B}.Debug|Any CPU.Build.0 = Debug|Any CPU
		{674ADC1D-E069-4FE1-8C94-327EF8B1103B}.Release|Any CPU.ActiveCfg = Release|Any CPU
		{674ADC1D-E069-4FE1-8C94-327EF8B1103B}.Release|Any CPU.Build.0 = Release|Any CPU
		{63B1276F-5556-4D46-B076-D5DBB4C8666E}.Debug|Any CPU.ActiveCfg = Debug|Any CPU
		{63B1276F-5556-4D46-B076-D5DBB4C8666E}.Debug|Any CPU.Build.0 = Debug|Any CPU
		{63B1276F-5556-4D46-B076-D5DBB4C8666E}.Release|Any CPU.ActiveCfg = Release|Any CPU
		{63B1276F-5556-4D46-B076-D5DBB4C8666E}.Release|Any CPU.Build.0 = Release|Any CPU
	EndGlobalSection
	GlobalSection(SolutionProperties) = preSolution
		HideSolutionNode = FALSE
	EndGlobalSection
	GlobalSection(ExtensibilityGlobals) = postSolution
		SolutionGuid = {49008ADE-1F72-4DBB-B1FA-F86CDC119095}
	EndGlobalSection
EndGlobal
